
Microsoft Visual Studio Solution File, Format Version 9.00
# Visual Studio 2005
Project("{FAE04EC0-301F-11D3-BF4B-00C04F79EFBC}") = "EngineTest", "EngineTest\EngineTest.csproj", "{54A5AA11-1E81-4874-A50A-056D3327CA10}"
	ProjectSection(ProjectDependencies) = postProject
		{31EADBD1-17AA-4177-9809-6A8FE6CF30D8} = {31EADBD1-17AA-4177-9809-6A8FE6CF30D8}
	EndProjectSection
EndProject
Project("{FAE04EC0-301F-11D3-BF4B-00C04F79EFBC}") = "SceneGraph", "SceneGraph\SceneGraph.csproj", "{BF75F16E-5056-4484-BFE2-72F8733B8BF3}"
EndProject
Project("{FAE04EC0-301F-11D3-BF4B-00C04F79EFBC}") = "DemoFramework", "DemoFramework\DemoFramework.csproj", "{DBD3FD0B-0B65-4626-BABA-3C46457B1185}"
EndProject
Project("{FAE04EC0-301F-11D3-BF4B-00C04F79EFBC}") = "Utility", "Utility\Utility.csproj", "{31D76405-2DD3-436A-BE65-963DE822511E}"
EndProject
Project("{FAE04EC0-301F-11D3-BF4B-00C04F79EFBC}") = "Physics", "Physics\Physics.csproj", "{6F7E70F2-FC19-4399-84BD-F60AC491E970}"
EndProject
Project("{FAE04EC0-301F-11D3-BF4B-00C04F79EFBC}") = "Sound", "Sound\Sound.csproj", "{FFA67C42-A1E3-4C9F-887A-E5DEB52DDEB4}"
EndProject
Project("{FAE04EC0-301F-11D3-BF4B-00C04F79EFBC}") = "FMOD", "FMOD\FMOD.csproj", "{1A7A1C62-87D6-4798-BBBD-8472DC2D755B}"
EndProject
Project("{FAE04EC0-301F-11D3-BF4B-00C04F79EFBC}") = "Input", "Input\Input.csproj", "{E2280509-C330-4684-90FD-336B8CD4D7EF}"
EndProject
Project("{FAE04EC0-301F-11D3-BF4B-00C04F79EFBC}") = "Graphics", "Graphics\Graphics.csproj", "{B64087ED-595E-4597-84D8-D273FF00B2DA}"
EndProject
Project("{8BC9CEB8-8B4A-11D0-8D11-00A0C91BC942}") = "Effects", "Effects\Effects.vcproj", "{31EADBD1-17AA-4177-9809-6A8FE6CF30D8}"
EndProject
Project("{FAE04EC0-301F-11D3-BF4B-00C04F79EFBC}") = "DemoEffects", "DemoEffects\DemoEffects.csproj", "{971A8760-50EE-4932-99F3-D226081FBD53}"
EndProject
Project("{FAE04EC0-301F-11D3-BF4B-00C04F79EFBC}") = "ShortPuzzle", "ShortPuzzle\ShortPuzzle.csproj", "{0F201E16-E78E-46E3-AA14-8A3B62E5FD1D}"
EndProject
Project("{FAE04EC0-301F-11D3-BF4B-00C04F79EFBC}") = "ParticleSystems", "ParticleSystems\ParticleSystems.csproj", "{AA378577-B1F3-4C03-A968-C990445C7AC1}"
EndProject
Project("{FAE04EC0-301F-11D3-BF4B-00C04F79EFBC}") = "PoseidonTest", "PoseidonTest\PoseidonTest.csproj", "{FE296A3C-B69F-4236-BECE-94B38315B94C}"
	ProjectSection(ProjectDependencies) = postProject
		{31EADBD1-17AA-4177-9809-6A8FE6CF30D8} = {31EADBD1-17AA-4177-9809-6A8FE6CF30D8}
	EndProjectSection
EndProject
Project("{FAE04EC0-301F-11D3-BF4B-00C04F79EFBC}") = "MeshBuilder", "MeshBuilder\MeshBuilder.csproj", "{CF2AB575-856D-4160-8DCD-7A5729579892}"
EndProject
Project("{FAE04EC0-301F-11D3-BF4B-00C04F79EFBC}") = "TiVi", "TiVi\TiVi.csproj", "{76DE320A-769A-49E2-97F4-E20372BA460F}"
	ProjectSection(ProjectDependencies) = postProject
		{31EADBD1-17AA-4177-9809-6A8FE6CF30D8} = {31EADBD1-17AA-4177-9809-6A8FE6CF30D8}
	EndProjectSection
EndProject
Global
	GlobalSection(SolutionConfigurationPlatforms) = preSolution
		Debug|Any CPU = Debug|Any CPU
		Debug|Mixed Platforms = Debug|Mixed Platforms
		Debug|Win32 = Debug|Win32
		Release|Any CPU = Release|Any CPU
		Release|Mixed Platforms = Release|Mixed Platforms
		Release|Win32 = Release|Win32
	EndGlobalSection
	GlobalSection(ProjectConfigurationPlatforms) = postSolution
		{54A5AA11-1E81-4874-A50A-056D3327CA10}.Debug|Any CPU.ActiveCfg = Debug|Any CPU
		{54A5AA11-1E81-4874-A50A-056D3327CA10}.Debug|Any CPU.Build.0 = Debug|Any CPU
		{54A5AA11-1E81-4874-A50A-056D3327CA10}.Debug|Mixed Platforms.ActiveCfg = Debug|Any CPU
		{54A5AA11-1E81-4874-A50A-056D3327CA10}.Debug|Mixed Platforms.Build.0 = Debug|Any CPU
		{54A5AA11-1E81-4874-A50A-056D3327CA10}.Debug|Win32.ActiveCfg = Debug|Any CPU
		{54A5AA11-1E81-4874-A50A-056D3327CA10}.Release|Any CPU.ActiveCfg = Debug|Any CPU
		{54A5AA11-1E81-4874-A50A-056D3327CA10}.Release|Any CPU.Build.0 = Debug|Any CPU
		{54A5AA11-1E81-4874-A50A-056D3327CA10}.Release|Mixed Platforms.ActiveCfg = Release|Any CPU
		{54A5AA11-1E81-4874-A50A-056D3327CA10}.Release|Mixed Platforms.Build.0 = Release|Any CPU
		{54A5AA11-1E81-4874-A50A-056D3327CA10}.Release|Win32.ActiveCfg = Release|Any CPU
		{BF75F16E-5056-4484-BFE2-72F8733B8BF3}.Debug|Any CPU.ActiveCfg = Debug|Any CPU
		{BF75F16E-5056-4484-BFE2-72F8733B8BF3}.Debug|Any CPU.Build.0 = Debug|Any CPU
		{BF75F16E-5056-4484-BFE2-72F8733B8BF3}.Debug|Mixed Platforms.ActiveCfg = Debug|Any CPU
		{BF75F16E-5056-4484-BFE2-72F8733B8BF3}.Debug|Mixed Platforms.Build.0 = Debug|Any CPU
		{BF75F16E-5056-4484-BFE2-72F8733B8BF3}.Debug|Win32.ActiveCfg = Debug|Any CPU
		{BF75F16E-5056-4484-BFE2-72F8733B8BF3}.Release|Any CPU.ActiveCfg = Debug|Any CPU
		{BF75F16E-5056-4484-BFE2-72F8733B8BF3}.Release|Any CPU.Build.0 = Debug|Any CPU
		{BF75F16E-5056-4484-BFE2-72F8733B8BF3}.Release|Mixed Platforms.ActiveCfg = Release|Any CPU
		{BF75F16E-5056-4484-BFE2-72F8733B8BF3}.Release|Mixed Platforms.Build.0 = Release|Any CPU
		{BF75F16E-5056-4484-BFE2-72F8733B8BF3}.Release|Win32.ActiveCfg = Release|Any CPU
		{DBD3FD0B-0B65-4626-BABA-3C46457B1185}.Debug|Any CPU.ActiveCfg = Debug|Any CPU
		{DBD3FD0B-0B65-4626-BABA-3C46457B1185}.Debug|Any CPU.Build.0 = Debug|Any CPU
		{DBD3FD0B-0B65-4626-BABA-3C46457B1185}.Debug|Mixed Platforms.ActiveCfg = Debug|Any CPU
		{DBD3FD0B-0B65-4626-BABA-3C46457B1185}.Debug|Mixed Platforms.Build.0 = Debug|Any CPU
		{DBD3FD0B-0B65-4626-BABA-3C46457B1185}.Debug|Win32.ActiveCfg = Debug|Any CPU
		{DBD3FD0B-0B65-4626-BABA-3C46457B1185}.Release|Any CPU.ActiveCfg = Debug|Any CPU
		{DBD3FD0B-0B65-4626-BABA-3C46457B1185}.Release|Any CPU.Build.0 = Debug|Any CPU
		{DBD3FD0B-0B65-4626-BABA-3C46457B1185}.Release|Mixed Platforms.ActiveCfg = Release|Any CPU
		{DBD3FD0B-0B65-4626-BABA-3C46457B1185}.Release|Mixed Platforms.Build.0 = Release|Any CPU
		{DBD3FD0B-0B65-4626-BABA-3C46457B1185}.Release|Win32.ActiveCfg = Release|Any CPU
		{31D76405-2DD3-436A-BE65-963DE822511E}.Debug|Any CPU.ActiveCfg = Debug|Any CPU
		{31D76405-2DD3-436A-BE65-963DE822511E}.Debug|Any CPU.Build.0 = Debug|Any CPU
		{31D76405-2DD3-436A-BE65-963DE822511E}.Debug|Mixed Platforms.ActiveCfg = Debug|Any CPU
		{31D76405-2DD3-436A-BE65-963DE822511E}.Debug|Mixed Platforms.Build.0 = Debug|Any CPU
		{31D76405-2DD3-436A-BE65-963DE822511E}.Debug|Win32.ActiveCfg = Debug|Any CPU
		{31D76405-2DD3-436A-BE65-963DE822511E}.Release|Any CPU.ActiveCfg = Debug|Any CPU
		{31D76405-2DD3-436A-BE65-963DE822511E}.Release|Any CPU.Build.0 = Debug|Any CPU
		{31D76405-2DD3-436A-BE65-963DE822511E}.Release|Mixed Platforms.ActiveCfg = Release|Any CPU
		{31D76405-2DD3-436A-BE65-963DE822511E}.Release|Mixed Platforms.Build.0 = Release|Any CPU
		{31D76405-2DD3-436A-BE65-963DE822511E}.Release|Win32.ActiveCfg = Release|Any CPU
		{6F7E70F2-FC19-4399-84BD-F60AC491E970}.Debug|Any CPU.ActiveCfg = Debug|Any CPU
		{6F7E70F2-FC19-4399-84BD-F60AC491E970}.Debug|Any CPU.Build.0 = Debug|Any CPU
		{6F7E70F2-FC19-4399-84BD-F60AC491E970}.Debug|Mixed Platforms.ActiveCfg = Debug|Any CPU
		{6F7E70F2-FC19-4399-84BD-F60AC491E970}.Debug|Mixed Platforms.Build.0 = Debug|Any CPU
		{6F7E70F2-FC19-4399-84BD-F60AC491E970}.Debug|Win32.ActiveCfg = Debug|Any CPU
		{6F7E70F2-FC19-4399-84BD-F60AC491E970}.Release|Any CPU.ActiveCfg = Debug|Any CPU
		{6F7E70F2-FC19-4399-84BD-F60AC491E970}.Release|Any CPU.Build.0 = Debug|Any CPU
		{6F7E70F2-FC19-4399-84BD-F60AC491E970}.Release|Mixed Platforms.ActiveCfg = Release|Any CPU
		{6F7E70F2-FC19-4399-84BD-F60AC491E970}.Release|Mixed Platforms.Build.0 = Release|Any CPU
		{6F7E70F2-FC19-4399-84BD-F60AC491E970}.Release|Win32.ActiveCfg = Release|Any CPU
		{FFA67C42-A1E3-4C9F-887A-E5DEB52DDEB4}.Debug|Any CPU.ActiveCfg = Debug|Any CPU
		{FFA67C42-A1E3-4C9F-887A-E5DEB52DDEB4}.Debug|Any CPU.Build.0 = Debug|Any CPU
		{FFA67C42-A1E3-4C9F-887A-E5DEB52DDEB4}.Debug|Mixed Platforms.ActiveCfg = Debug|Any CPU
		{FFA67C42-A1E3-4C9F-887A-E5DEB52DDEB4}.Debug|Mixed Platforms.Build.0 = Debug|Any CPU
		{FFA67C42-A1E3-4C9F-887A-E5DEB52DDEB4}.Debug|Win32.ActiveCfg = Debug|Any CPU
		{FFA67C42-A1E3-4C9F-887A-E5DEB52DDEB4}.Release|Any CPU.ActiveCfg = Debug|Any CPU
		{FFA67C42-A1E3-4C9F-887A-E5DEB52DDEB4}.Release|Any CPU.Build.0 = Debug|Any CPU
		{FFA67C42-A1E3-4C9F-887A-E5DEB52DDEB4}.Release|Mixed Platforms.ActiveCfg = Release|Any CPU
		{FFA67C42-A1E3-4C9F-887A-E5DEB52DDEB4}.Release|Mixed Platforms.Build.0 = Release|Any CPU
		{FFA67C42-A1E3-4C9F-887A-E5DEB52DDEB4}.Release|Win32.ActiveCfg = Release|Any CPU
		{1A7A1C62-87D6-4798-BBBD-8472DC2D755B}.Debug|Any CPU.ActiveCfg = Debug|Any CPU
		{1A7A1C62-87D6-4798-BBBD-8472DC2D755B}.Debug|Any CPU.Build.0 = Debug|Any CPU
		{1A7A1C62-87D6-4798-BBBD-8472DC2D755B}.Debug|Mixed Platforms.ActiveCfg = Debug|Any CPU
		{1A7A1C62-87D6-4798-BBBD-8472DC2D755B}.Debug|Mixed Platforms.Build.0 = Debug|Any CPU
		{1A7A1C62-87D6-4798-BBBD-8472DC2D755B}.Debug|Win32.ActiveCfg = Debug|Any CPU
		{1A7A1C62-87D6-4798-BBBD-8472DC2D755B}.Release|Any CPU.ActiveCfg = Debug|Any CPU
		{1A7A1C62-87D6-4798-BBBD-8472DC2D755B}.Release|Any CPU.Build.0 = Debug|Any CPU
		{1A7A1C62-87D6-4798-BBBD-8472DC2D755B}.Release|Mixed Platforms.ActiveCfg = Release|Any CPU
		{1A7A1C62-87D6-4798-BBBD-8472DC2D755B}.Release|Mixed Platforms.Build.0 = Release|Any CPU
		{1A7A1C62-87D6-4798-BBBD-8472DC2D755B}.Release|Win32.ActiveCfg = Release|Any CPU
		{E2280509-C330-4684-90FD-336B8CD4D7EF}.Debug|Any CPU.ActiveCfg = Debug|Any CPU
		{E2280509-C330-4684-90FD-336B8CD4D7EF}.Debug|Any CPU.Build.0 = Debug|Any CPU
		{E2280509-C330-4684-90FD-336B8CD4D7EF}.Debug|Mixed Platforms.ActiveCfg = Debug|Any CPU
		{E2280509-C330-4684-90FD-336B8CD4D7EF}.Debug|Mixed Platforms.Build.0 = Debug|Any CPU
		{E2280509-C330-4684-90FD-336B8CD4D7EF}.Debug|Win32.ActiveCfg = Debug|Any CPU
		{E2280509-C330-4684-90FD-336B8CD4D7EF}.Release|Any CPU.ActiveCfg = Debug|Any CPU
		{E2280509-C330-4684-90FD-336B8CD4D7EF}.Release|Any CPU.Build.0 = Debug|Any CPU
		{E2280509-C330-4684-90FD-336B8CD4D7EF}.Release|Mixed Platforms.ActiveCfg = Release|Any CPU
		{E2280509-C330-4684-90FD-336B8CD4D7EF}.Release|Mixed Platforms.Build.0 = Release|Any CPU
		{E2280509-C330-4684-90FD-336B8CD4D7EF}.Release|Win32.ActiveCfg = Release|Any CPU
		{B64087ED-595E-4597-84D8-D273FF00B2DA}.Debug|Any CPU.ActiveCfg = Debug|Any CPU
		{B64087ED-595E-4597-84D8-D273FF00B2DA}.Debug|Any CPU.Build.0 = Debug|Any CPU
		{B64087ED-595E-4597-84D8-D273FF00B2DA}.Debug|Mixed Platforms.ActiveCfg = Debug|Any CPU
		{B64087ED-595E-4597-84D8-D273FF00B2DA}.Debug|Mixed Platforms.Build.0 = Debug|Any CPU
		{B64087ED-595E-4597-84D8-D273FF00B2DA}.Debug|Win32.ActiveCfg = Debug|Any CPU
		{B64087ED-595E-4597-84D8-D273FF00B2DA}.Release|Any CPU.ActiveCfg = Debug|Any CPU
		{B64087ED-595E-4597-84D8-D273FF00B2DA}.Release|Any CPU.Build.0 = Debug|Any CPU
		{B64087ED-595E-4597-84D8-D273FF00B2DA}.Release|Mixed Platforms.ActiveCfg = Release|Any CPU
		{B64087ED-595E-4597-84D8-D273FF00B2DA}.Release|Mixed Platforms.Build.0 = Release|Any CPU
		{B64087ED-595E-4597-84D8-D273FF00B2DA}.Release|Win32.ActiveCfg = Release|Any CPU
		{31EADBD1-17AA-4177-9809-6A8FE6CF30D8}.Debug|Any CPU.ActiveCfg = Debug|Win32
		{31EADBD1-17AA-4177-9809-6A8FE6CF30D8}.Debug|Any CPU.Build.0 = Debug|Win32
		{31EADBD1-17AA-4177-9809-6A8FE6CF30D8}.Debug|Mixed Platforms.ActiveCfg = Debug|Win32
		{31EADBD1-17AA-4177-9809-6A8FE6CF30D8}.Debug|Mixed Platforms.Build.0 = Debug|Win32
		{31EADBD1-17AA-4177-9809-6A8FE6CF30D8}.Debug|Win32.ActiveCfg = Debug|Win32
		{31EADBD1-17AA-4177-9809-6A8FE6CF30D8}.Debug|Win32.Build.0 = Debug|Win32
		{31EADBD1-17AA-4177-9809-6A8FE6CF30D8}.Release|Any CPU.ActiveCfg = Debug|Win32
		{31EADBD1-17AA-4177-9809-6A8FE6CF30D8}.Release|Any CPU.Build.0 = Debug|Win32
		{31EADBD1-17AA-4177-9809-6A8FE6CF30D8}.Release|Mixed Platforms.ActiveCfg = Release|Win32
		{31EADBD1-17AA-4177-9809-6A8FE6CF30D8}.Release|Mixed Platforms.Build.0 = Release|Win32
		{31EADBD1-17AA-4177-9809-6A8FE6CF30D8}.Release|Win32.ActiveCfg = Release|Win32
		{31EADBD1-17AA-4177-9809-6A8FE6CF30D8}.Release|Win32.Build.0 = Release|Win32
		{971A8760-50EE-4932-99F3-D226081FBD53}.Debug|Any CPU.ActiveCfg = Debug|Any CPU
		{971A8760-50EE-4932-99F3-D226081FBD53}.Debug|Any CPU.Build.0 = Debug|Any CPU
		{971A8760-50EE-4932-99F3-D226081FBD53}.Debug|Mixed Platforms.ActiveCfg = Debug|Any CPU
		{971A8760-50EE-4932-99F3-D226081FBD53}.Debug|Mixed Platforms.Build.0 = Debug|Any CPU
		{971A8760-50EE-4932-99F3-D226081FBD53}.Debug|Win32.ActiveCfg = Debug|Any CPU
		{971A8760-50EE-4932-99F3-D226081FBD53}.Release|Any CPU.ActiveCfg = Debug|Any CPU
		{971A8760-50EE-4932-99F3-D226081FBD53}.Release|Any CPU.Build.0 = Debug|Any CPU
		{971A8760-50EE-4932-99F3-D226081FBD53}.Release|Mixed Platforms.ActiveCfg = Release|Any CPU
		{971A8760-50EE-4932-99F3-D226081FBD53}.Release|Mixed Platforms.Build.0 = Release|Any CPU
		{971A8760-50EE-4932-99F3-D226081FBD53}.Release|Win32.ActiveCfg = Release|Any CPU
		{0F201E16-E78E-46E3-AA14-8A3B62E5FD1D}.Debug|Any CPU.ActiveCfg = Debug|Any CPU
		{0F201E16-E78E-46E3-AA14-8A3B62E5FD1D}.Debug|Any CPU.Build.0 = Debug|Any CPU
		{0F201E16-E78E-46E3-AA14-8A3B62E5FD1D}.Debug|Mixed Platforms.ActiveCfg = Debug|Any CPU
		{0F201E16-E78E-46E3-AA14-8A3B62E5FD1D}.Debug|Mixed Platforms.Build.0 = Debug|Any CPU
		{0F201E16-E78E-46E3-AA14-8A3B62E5FD1D}.Debug|Win32.ActiveCfg = Debug|Any CPU
		{0F201E16-E78E-46E3-AA14-8A3B62E5FD1D}.Release|Any CPU.ActiveCfg = Debug|Any CPU
		{0F201E16-E78E-46E3-AA14-8A3B62E5FD1D}.Release|Any CPU.Build.0 = Debug|Any CPU
		{0F201E16-E78E-46E3-AA14-8A3B62E5FD1D}.Release|Mixed Platforms.ActiveCfg = Release|Any CPU
		{0F201E16-E78E-46E3-AA14-8A3B62E5FD1D}.Release|Mixed Platforms.Build.0 = Release|Any CPU
		{0F201E16-E78E-46E3-AA14-8A3B62E5FD1D}.Release|Win32.ActiveCfg = Release|Any CPU
		{AA378577-B1F3-4C03-A968-C990445C7AC1}.Debug|Any CPU.ActiveCfg = Debug|Any CPU
		{AA378577-B1F3-4C03-A968-C990445C7AC1}.Debug|Any CPU.Build.0 = Debug|Any CPU
		{AA378577-B1F3-4C03-A968-C990445C7AC1}.Debug|Mixed Platforms.ActiveCfg = Debug|Any CPU
		{AA378577-B1F3-4C03-A968-C990445C7AC1}.Debug|Mixed Platforms.Build.0 = Debug|Any CPU
		{AA378577-B1F3-4C03-A968-C990445C7AC1}.Debug|Win32.ActiveCfg = Debug|Any CPU
		{AA378577-B1F3-4C03-A968-C990445C7AC1}.Release|Any CPU.ActiveCfg = Debug|Any CPU
		{AA378577-B1F3-4C03-A968-C990445C7AC1}.Release|Any CPU.Build.0 = Debug|Any CPU
		{AA378577-B1F3-4C03-A968-C990445C7AC1}.Release|Mixed Platforms.ActiveCfg = Release|Any CPU
		{AA378577-B1F3-4C03-A968-C990445C7AC1}.Release|Mixed Platforms.Build.0 = Release|Any CPU
		{AA378577-B1F3-4C03-A968-C990445C7AC1}.Release|Win32.ActiveCfg = Release|Any CPU
		{FE296A3C-B69F-4236-BECE-94B38315B94C}.Debug|Any CPU.ActiveCfg = Debug|Any CPU
		{FE296A3C-B69F-4236-BECE-94B38315B94C}.Debug|Any CPU.Build.0 = Debug|Any CPU
		{FE296A3C-B69F-4236-BECE-94B38315B94C}.Debug|Mixed Platforms.ActiveCfg = Debug|Any CPU
		{FE296A3C-B69F-4236-BECE-94B38315B94C}.Debug|Mixed Platforms.Build.0 = Debug|Any CPU
		{FE296A3C-B69F-4236-BECE-94B38315B94C}.Debug|Win32.ActiveCfg = Debug|Any CPU
		{FE296A3C-B69F-4236-BECE-94B38315B94C}.Release|Any CPU.ActiveCfg = Debug|Any CPU
		{FE296A3C-B69F-4236-BECE-94B38315B94C}.Release|Any CPU.Build.0 = Debug|Any CPU
		{FE296A3C-B69F-4236-BECE-94B38315B94C}.Release|Mixed Platforms.ActiveCfg = Release|Any CPU
		{FE296A3C-B69F-4236-BECE-94B38315B94C}.Release|Mixed Platforms.Build.0 = Release|Any CPU
		{FE296A3C-B69F-4236-BECE-94B38315B94C}.Release|Win32.ActiveCfg = Release|Any CPU
		{CF2AB575-856D-4160-8DCD-7A5729579892}.Debug|Any CPU.ActiveCfg = Debug|Any CPU
		{CF2AB575-856D-4160-8DCD-7A5729579892}.Debug|Any CPU.Build.0 = Debug|Any CPU
		{CF2AB575-856D-4160-8DCD-7A5729579892}.Debug|Mixed Platforms.ActiveCfg = Debug|Any CPU
		{CF2AB575-856D-4160-8DCD-7A5729579892}.Debug|Mixed Platforms.Build.0 = Debug|Any CPU
		{CF2AB575-856D-4160-8DCD-7A5729579892}.Debug|Win32.ActiveCfg = Debug|Any CPU
		{CF2AB575-856D-4160-8DCD-7A5729579892}.Release|Any CPU.ActiveCfg = Release|Any CPU
		{CF2AB575-856D-4160-8DCD-7A5729579892}.Release|Any CPU.Build.0 = Release|Any CPU
		{CF2AB575-856D-4160-8DCD-7A5729579892}.Release|Mixed Platforms.ActiveCfg = Release|Any CPU
		{CF2AB575-856D-4160-8DCD-7A5729579892}.Release|Mixed Platforms.Build.0 = Release|Any CPU
		{CF2AB575-856D-4160-8DCD-7A5729579892}.Release|Win32.ActiveCfg = Release|Any CPU
		{76DE320A-769A-49E2-97F4-E20372BA460F}.Debug|Any CPU.ActiveCfg = Debug|Any CPU
		{76DE320A-769A-49E2-97F4-E20372BA460F}.Debug|Any CPU.Build.0 = Debug|Any CPU
		{76DE320A-769A-49E2-97F4-E20372BA460F}.Debug|Mixed Platforms.ActiveCfg = Debug|Any CPU
		{76DE320A-769A-49E2-97F4-E20372BA460F}.Debug|Mixed Platforms.Build.0 = Debug|Any CPU
		{76DE320A-769A-49E2-97F4-E20372BA460F}.Debug|Win32.ActiveCfg = Debug|Any CPU
		{76DE320A-769A-49E2-97F4-E20372BA460F}.Release|Any CPU.ActiveCfg = Release|Any CPU
		{76DE320A-769A-49E2-97F4-E20372BA460F}.Release|Any CPU.Build.0 = Release|Any CPU
		{76DE320A-769A-49E2-97F4-E20372BA460F}.Release|Mixed Platforms.ActiveCfg = Release|Any CPU
		{76DE320A-769A-49E2-97F4-E20372BA460F}.Release|Mixed Platforms.Build.0 = Release|Any CPU
		{76DE320A-769A-49E2-97F4-E20372BA460F}.Release|Win32.ActiveCfg = Release|Any CPU
	EndGlobalSection
	GlobalSection(SolutionProperties) = preSolution
		HideSolutionNode = FALSE
	EndGlobalSection
EndGlobal
