
Microsoft Visual Studio Solution File, Format Version 12.00
# Visual Studio Version 16
VisualStudioVersion = 16.0.31624.102
MinimumVisualStudioVersion = 10.0.40219.1
Project("{9A19103F-16F7-4668-BE54-9A1E7A4F7556}") = "EngineTest", "EngineTest\EngineTest.csproj", "{E7C248E9-0B66-4586-9AAD-8A8DE999B9B3}"
EndProject
Project("{9A19103F-16F7-4668-BE54-9A1E7A4F7556}") = "Utility", "Utility\Utility.csproj", "{674B3BA6-3E9E-4AD8-A417-5F0D1439C7B1}"
EndProject
Project("{9A19103F-16F7-4668-BE54-9A1E7A4F7556}") = "TextureBuilder", "TextureBuilder\TextureBuilder.csproj", "{ABBBF1FB-5C0E-4322-A49C-FDF4658897FA}"
EndProject
Project("{9A19103F-16F7-4668-BE54-9A1E7A4F7556}") = "Graphics", "Graphics\Graphics.csproj", "{5A809E87-88AB-4583-9BCE-CE54E21055E9}"
EndProject
Project("{9A19103F-16F7-4668-BE54-9A1E7A4F7556}") = "Animation", "Animation\Animation.csproj", "{E05D8573-C4B3-4ABF-92D6-CCA431333E46}"
EndProject
Project("{9A19103F-16F7-4668-BE54-9A1E7A4F7556}") = "Sound", "Sound\Sound.csproj", "{90B50B73-7E79-4CBA-82C4-CD99AD6658E8}"
EndProject
Project("{9A19103F-16F7-4668-BE54-9A1E7A4F7556}") = "SceneGraph", "SceneGraph\SceneGraph.csproj", "{AD70CBD2-3F96-4C27-B681-CF3447B7D6AE}"
EndProject
Project("{9A19103F-16F7-4668-BE54-9A1E7A4F7556}") = "Physics", "Physics\Physics.csproj", "{64414C11-5AA8-4B19-94EF-1170B6DBDA05}"
EndProject
Project("{9A19103F-16F7-4668-BE54-9A1E7A4F7556}") = "DemoFramework", "DemoFramework\DemoFramework.csproj", "{3FC41BA0-E772-45B4-8855-BAF97C468D5F}"
EndProject
Project("{9A19103F-16F7-4668-BE54-9A1E7A4F7556}") = "ModelBuilder", "ModelBuilder\ModelBuilder.csproj", "{5F168A9D-EC06-40E2-8B4C-CC194D4ADEC6}"
EndProject
Project("{9A19103F-16F7-4668-BE54-9A1E7A4F7556}") = "Input", "Input\Input.csproj", "{9870C7C8-D163-4954-913A-EAEA708498B7}"
EndProject
Project("{9A19103F-16F7-4668-BE54-9A1E7A4F7556}") = "UserInterface", "UserInterface\UserInterface.csproj", "{D8F0CC8D-D827-4113-A951-9C9E6BEE8B7E}"
EndProject
Project("{9A19103F-16F7-4668-BE54-9A1E7A4F7556}") = "DemoEffects", "DemoEffects\DemoEffects.csproj", "{87CEEFFC-EA58-49A9-B2FF-84B08816EFCC}"
EndProject
Project("{9A19103F-16F7-4668-BE54-9A1E7A4F7556}") = "DemoTweaker", "DemoTweaker\DemoTweaker.csproj", "{65A4199D-60A7-4B02-9597-04BC7A3287DC}"
EndProject
Project("{9A19103F-16F7-4668-BE54-9A1E7A4F7556}") = "MidiExtractor", "MidiExtractor\MidiExtractor.csproj", "{1595EF56-C742-4C59-BDA6-56EC51D23494}"
EndProject
Project("{9A19103F-16F7-4668-BE54-9A1E7A4F7556}") = "ParticleSystems", "ParticleSystems\ParticleSystems.csproj", "{3C7BAAA5-FD76-4984-8F24-C6F69180ACF8}"
EndProject
Project("{9A19103F-16F7-4668-BE54-9A1E7A4F7556}") = "Effects", "Effects\Effects.csproj", "{E12C201C-6C38-487A-A50E-76E50807B7B7}"
EndProject
Project("{9A19103F-16F7-4668-BE54-9A1E7A4F7556}") = "ContentProcessor", "ContentProcessor\ContentProcessor.csproj", "{0E1E16D8-9F0E-4D2B-9B59-15402768AB61}"
EndProject
Global
	GlobalSection(SolutionConfigurationPlatforms) = preSolution
		Debug|Any CPU = Debug|Any CPU
		Debug|Mixed Platforms = Debug|Mixed Platforms
		Debug|x86 = Debug|x86
		Debug|Xbox 360 = Debug|Xbox 360
		Release|Any CPU = Release|Any CPU
		Release|Mixed Platforms = Release|Mixed Platforms
		Release|x86 = Release|x86
		Release|Xbox 360 = Release|Xbox 360
	EndGlobalSection
	GlobalSection(ProjectConfigurationPlatforms) = postSolution
		{E7C248E9-0B66-4586-9AAD-8A8DE999B9B3}.Debug|Any CPU.ActiveCfg = Debug|Any CPU
		{E7C248E9-0B66-4586-9AAD-8A8DE999B9B3}.Debug|Any CPU.Build.0 = Debug|Any CPU
		{E7C248E9-0B66-4586-9AAD-8A8DE999B9B3}.Debug|Mixed Platforms.ActiveCfg = Debug|Any CPU
		{E7C248E9-0B66-4586-9AAD-8A8DE999B9B3}.Debug|Mixed Platforms.Build.0 = Debug|Any CPU
		{E7C248E9-0B66-4586-9AAD-8A8DE999B9B3}.Debug|x86.ActiveCfg = Debug|Any CPU
		{E7C248E9-0B66-4586-9AAD-8A8DE999B9B3}.Debug|x86.Build.0 = Debug|Any CPU
		{E7C248E9-0B66-4586-9AAD-8A8DE999B9B3}.Debug|Xbox 360.ActiveCfg = Debug|Any CPU
		{E7C248E9-0B66-4586-9AAD-8A8DE999B9B3}.Debug|Xbox 360.Build.0 = Debug|Any CPU
		{E7C248E9-0B66-4586-9AAD-8A8DE999B9B3}.Release|Any CPU.ActiveCfg = Release|Any CPU
		{E7C248E9-0B66-4586-9AAD-8A8DE999B9B3}.Release|Any CPU.Build.0 = Release|Any CPU
		{E7C248E9-0B66-4586-9AAD-8A8DE999B9B3}.Release|Mixed Platforms.ActiveCfg = Release|Any CPU
		{E7C248E9-0B66-4586-9AAD-8A8DE999B9B3}.Release|Mixed Platforms.Build.0 = Release|Any CPU
		{E7C248E9-0B66-4586-9AAD-8A8DE999B9B3}.Release|x86.ActiveCfg = Release|Any CPU
		{E7C248E9-0B66-4586-9AAD-8A8DE999B9B3}.Release|x86.Build.0 = Release|Any CPU
		{E7C248E9-0B66-4586-9AAD-8A8DE999B9B3}.Release|Xbox 360.ActiveCfg = Release|Any CPU
		{E7C248E9-0B66-4586-9AAD-8A8DE999B9B3}.Release|Xbox 360.Build.0 = Release|Any CPU
		{674B3BA6-3E9E-4AD8-A417-5F0D1439C7B1}.Debug|Any CPU.ActiveCfg = Debug|Any CPU
		{674B3BA6-3E9E-4AD8-A417-5F0D1439C7B1}.Debug|Any CPU.Build.0 = Debug|Any CPU
		{674B3BA6-3E9E-4AD8-A417-5F0D1439C7B1}.Debug|Mixed Platforms.ActiveCfg = Debug|Any CPU
		{674B3BA6-3E9E-4AD8-A417-5F0D1439C7B1}.Debug|Mixed Platforms.Build.0 = Debug|Any CPU
		{674B3BA6-3E9E-4AD8-A417-5F0D1439C7B1}.Debug|x86.ActiveCfg = Debug|Any CPU
		{674B3BA6-3E9E-4AD8-A417-5F0D1439C7B1}.Debug|x86.Build.0 = Debug|Any CPU
		{674B3BA6-3E9E-4AD8-A417-5F0D1439C7B1}.Debug|Xbox 360.ActiveCfg = Debug|Any CPU
		{674B3BA6-3E9E-4AD8-A417-5F0D1439C7B1}.Debug|Xbox 360.Build.0 = Debug|Any CPU
		{674B3BA6-3E9E-4AD8-A417-5F0D1439C7B1}.Release|Any CPU.ActiveCfg = Release|Any CPU
		{674B3BA6-3E9E-4AD8-A417-5F0D1439C7B1}.Release|Any CPU.Build.0 = Release|Any CPU
		{674B3BA6-3E9E-4AD8-A417-5F0D1439C7B1}.Release|Mixed Platforms.ActiveCfg = Release|Any CPU
		{674B3BA6-3E9E-4AD8-A417-5F0D1439C7B1}.Release|Mixed Platforms.Build.0 = Release|Any CPU
		{674B3BA6-3E9E-4AD8-A417-5F0D1439C7B1}.Release|x86.ActiveCfg = Release|Any CPU
		{674B3BA6-3E9E-4AD8-A417-5F0D1439C7B1}.Release|x86.Build.0 = Release|Any CPU
		{674B3BA6-3E9E-4AD8-A417-5F0D1439C7B1}.Release|Xbox 360.ActiveCfg = Release|Any CPU
		{674B3BA6-3E9E-4AD8-A417-5F0D1439C7B1}.Release|Xbox 360.Build.0 = Release|Any CPU
		{ABBBF1FB-5C0E-4322-A49C-FDF4658897FA}.Debug|Any CPU.ActiveCfg = Debug|Any CPU
		{ABBBF1FB-5C0E-4322-A49C-FDF4658897FA}.Debug|Any CPU.Build.0 = Debug|Any CPU
		{ABBBF1FB-5C0E-4322-A49C-FDF4658897FA}.Debug|Mixed Platforms.ActiveCfg = Debug|Any CPU
		{ABBBF1FB-5C0E-4322-A49C-FDF4658897FA}.Debug|Mixed Platforms.Build.0 = Debug|Any CPU
		{ABBBF1FB-5C0E-4322-A49C-FDF4658897FA}.Debug|x86.ActiveCfg = Debug|Any CPU
		{ABBBF1FB-5C0E-4322-A49C-FDF4658897FA}.Debug|x86.Build.0 = Debug|Any CPU
		{ABBBF1FB-5C0E-4322-A49C-FDF4658897FA}.Debug|Xbox 360.ActiveCfg = Debug|Any CPU
		{ABBBF1FB-5C0E-4322-A49C-FDF4658897FA}.Debug|Xbox 360.Build.0 = Debug|Any CPU
		{ABBBF1FB-5C0E-4322-A49C-FDF4658897FA}.Release|Any CPU.ActiveCfg = Release|Any CPU
		{ABBBF1FB-5C0E-4322-A49C-FDF4658897FA}.Release|Any CPU.Build.0 = Release|Any CPU
		{ABBBF1FB-5C0E-4322-A49C-FDF4658897FA}.Release|Mixed Platforms.ActiveCfg = Release|Any CPU
		{ABBBF1FB-5C0E-4322-A49C-FDF4658897FA}.Release|Mixed Platforms.Build.0 = Release|Any CPU
		{ABBBF1FB-5C0E-4322-A49C-FDF4658897FA}.Release|x86.ActiveCfg = Release|Any CPU
		{ABBBF1FB-5C0E-4322-A49C-FDF4658897FA}.Release|x86.Build.0 = Release|Any CPU
		{ABBBF1FB-5C0E-4322-A49C-FDF4658897FA}.Release|Xbox 360.ActiveCfg = Release|Any CPU
		{ABBBF1FB-5C0E-4322-A49C-FDF4658897FA}.Release|Xbox 360.Build.0 = Release|Any CPU
		{5A809E87-88AB-4583-9BCE-CE54E21055E9}.Debug|Any CPU.ActiveCfg = Debug|Any CPU
		{5A809E87-88AB-4583-9BCE-CE54E21055E9}.Debug|Any CPU.Build.0 = Debug|Any CPU
		{5A809E87-88AB-4583-9BCE-CE54E21055E9}.Debug|Mixed Platforms.ActiveCfg = Debug|Any CPU
		{5A809E87-88AB-4583-9BCE-CE54E21055E9}.Debug|Mixed Platforms.Build.0 = Debug|Any CPU
		{5A809E87-88AB-4583-9BCE-CE54E21055E9}.Debug|x86.ActiveCfg = Debug|Any CPU
		{5A809E87-88AB-4583-9BCE-CE54E21055E9}.Debug|x86.Build.0 = Debug|Any CPU
		{5A809E87-88AB-4583-9BCE-CE54E21055E9}.Debug|Xbox 360.ActiveCfg = Debug|Any CPU
		{5A809E87-88AB-4583-9BCE-CE54E21055E9}.Debug|Xbox 360.Build.0 = Debug|Any CPU
		{5A809E87-88AB-4583-9BCE-CE54E21055E9}.Release|Any CPU.ActiveCfg = Release|Any CPU
		{5A809E87-88AB-4583-9BCE-CE54E21055E9}.Release|Any CPU.Build.0 = Release|Any CPU
		{5A809E87-88AB-4583-9BCE-CE54E21055E9}.Release|Mixed Platforms.ActiveCfg = Release|Any CPU
		{5A809E87-88AB-4583-9BCE-CE54E21055E9}.Release|Mixed Platforms.Build.0 = Release|Any CPU
		{5A809E87-88AB-4583-9BCE-CE54E21055E9}.Release|x86.ActiveCfg = Release|Any CPU
		{5A809E87-88AB-4583-9BCE-CE54E21055E9}.Release|x86.Build.0 = Release|Any CPU
		{5A809E87-88AB-4583-9BCE-CE54E21055E9}.Release|Xbox 360.ActiveCfg = Release|Any CPU
		{5A809E87-88AB-4583-9BCE-CE54E21055E9}.Release|Xbox 360.Build.0 = Release|Any CPU
		{E05D8573-C4B3-4ABF-92D6-CCA431333E46}.Debug|Any CPU.ActiveCfg = Debug|Any CPU
		{E05D8573-C4B3-4ABF-92D6-CCA431333E46}.Debug|Any CPU.Build.0 = Debug|Any CPU
		{E05D8573-C4B3-4ABF-92D6-CCA431333E46}.Debug|Mixed Platforms.ActiveCfg = Debug|Any CPU
		{E05D8573-C4B3-4ABF-92D6-CCA431333E46}.Debug|Mixed Platforms.Build.0 = Debug|Any CPU
		{E05D8573-C4B3-4ABF-92D6-CCA431333E46}.Debug|x86.ActiveCfg = Debug|Any CPU
		{E05D8573-C4B3-4ABF-92D6-CCA431333E46}.Debug|x86.Build.0 = Debug|Any CPU
		{E05D8573-C4B3-4ABF-92D6-CCA431333E46}.Debug|Xbox 360.ActiveCfg = Debug|Any CPU
		{E05D8573-C4B3-4ABF-92D6-CCA431333E46}.Debug|Xbox 360.Build.0 = Debug|Any CPU
		{E05D8573-C4B3-4ABF-92D6-CCA431333E46}.Release|Any CPU.ActiveCfg = Release|Any CPU
		{E05D8573-C4B3-4ABF-92D6-CCA431333E46}.Release|Any CPU.Build.0 = Release|Any CPU
		{E05D8573-C4B3-4ABF-92D6-CCA431333E46}.Release|Mixed Platforms.ActiveCfg = Release|Any CPU
		{E05D8573-C4B3-4ABF-92D6-CCA431333E46}.Release|Mixed Platforms.Build.0 = Release|Any CPU
		{E05D8573-C4B3-4ABF-92D6-CCA431333E46}.Release|x86.ActiveCfg = Release|Any CPU
		{E05D8573-C4B3-4ABF-92D6-CCA431333E46}.Release|x86.Build.0 = Release|Any CPU
		{E05D8573-C4B3-4ABF-92D6-CCA431333E46}.Release|Xbox 360.ActiveCfg = Release|Any CPU
		{E05D8573-C4B3-4ABF-92D6-CCA431333E46}.Release|Xbox 360.Build.0 = Release|Any CPU
		{90B50B73-7E79-4CBA-82C4-CD99AD6658E8}.Debug|Any CPU.ActiveCfg = Debug|Any CPU
		{90B50B73-7E79-4CBA-82C4-CD99AD6658E8}.Debug|Any CPU.Build.0 = Debug|Any CPU
		{90B50B73-7E79-4CBA-82C4-CD99AD6658E8}.Debug|Mixed Platforms.ActiveCfg = Debug|Any CPU
		{90B50B73-7E79-4CBA-82C4-CD99AD6658E8}.Debug|Mixed Platforms.Build.0 = Debug|Any CPU
		{90B50B73-7E79-4CBA-82C4-CD99AD6658E8}.Debug|x86.ActiveCfg = Debug|Any CPU
		{90B50B73-7E79-4CBA-82C4-CD99AD6658E8}.Debug|x86.Build.0 = Debug|Any CPU
		{90B50B73-7E79-4CBA-82C4-CD99AD6658E8}.Debug|Xbox 360.ActiveCfg = Debug|Any CPU
		{90B50B73-7E79-4CBA-82C4-CD99AD6658E8}.Debug|Xbox 360.Build.0 = Debug|Any CPU
		{90B50B73-7E79-4CBA-82C4-CD99AD6658E8}.Release|Any CPU.ActiveCfg = Release|Any CPU
		{90B50B73-7E79-4CBA-82C4-CD99AD6658E8}.Release|Any CPU.Build.0 = Release|Any CPU
		{90B50B73-7E79-4CBA-82C4-CD99AD6658E8}.Release|Mixed Platforms.ActiveCfg = Release|Any CPU
		{90B50B73-7E79-4CBA-82C4-CD99AD6658E8}.Release|Mixed Platforms.Build.0 = Release|Any CPU
		{90B50B73-7E79-4CBA-82C4-CD99AD6658E8}.Release|x86.ActiveCfg = Release|Any CPU
		{90B50B73-7E79-4CBA-82C4-CD99AD6658E8}.Release|x86.Build.0 = Release|Any CPU
		{90B50B73-7E79-4CBA-82C4-CD99AD6658E8}.Release|Xbox 360.ActiveCfg = Release|Any CPU
		{90B50B73-7E79-4CBA-82C4-CD99AD6658E8}.Release|Xbox 360.Build.0 = Release|Any CPU
		{AD70CBD2-3F96-4C27-B681-CF3447B7D6AE}.Debug|Any CPU.ActiveCfg = Debug|Any CPU
		{AD70CBD2-3F96-4C27-B681-CF3447B7D6AE}.Debug|Any CPU.Build.0 = Debug|Any CPU
		{AD70CBD2-3F96-4C27-B681-CF3447B7D6AE}.Debug|Mixed Platforms.ActiveCfg = Debug|Any CPU
		{AD70CBD2-3F96-4C27-B681-CF3447B7D6AE}.Debug|Mixed Platforms.Build.0 = Debug|Any CPU
		{AD70CBD2-3F96-4C27-B681-CF3447B7D6AE}.Debug|x86.ActiveCfg = Debug|Any CPU
		{AD70CBD2-3F96-4C27-B681-CF3447B7D6AE}.Debug|x86.Build.0 = Debug|Any CPU
		{AD70CBD2-3F96-4C27-B681-CF3447B7D6AE}.Debug|Xbox 360.ActiveCfg = Debug|Any CPU
		{AD70CBD2-3F96-4C27-B681-CF3447B7D6AE}.Debug|Xbox 360.Build.0 = Debug|Any CPU
		{AD70CBD2-3F96-4C27-B681-CF3447B7D6AE}.Release|Any CPU.ActiveCfg = Release|Any CPU
		{AD70CBD2-3F96-4C27-B681-CF3447B7D6AE}.Release|Any CPU.Build.0 = Release|Any CPU
		{AD70CBD2-3F96-4C27-B681-CF3447B7D6AE}.Release|Mixed Platforms.ActiveCfg = Release|Any CPU
		{AD70CBD2-3F96-4C27-B681-CF3447B7D6AE}.Release|Mixed Platforms.Build.0 = Release|Any CPU
		{AD70CBD2-3F96-4C27-B681-CF3447B7D6AE}.Release|x86.ActiveCfg = Release|Any CPU
		{AD70CBD2-3F96-4C27-B681-CF3447B7D6AE}.Release|x86.Build.0 = Release|Any CPU
		{AD70CBD2-3F96-4C27-B681-CF3447B7D6AE}.Release|Xbox 360.ActiveCfg = Release|Any CPU
		{AD70CBD2-3F96-4C27-B681-CF3447B7D6AE}.Release|Xbox 360.Build.0 = Release|Any CPU
		{64414C11-5AA8-4B19-94EF-1170B6DBDA05}.Debug|Any CPU.ActiveCfg = Debug|Any CPU
		{64414C11-5AA8-4B19-94EF-1170B6DBDA05}.Debug|Any CPU.Build.0 = Debug|Any CPU
		{64414C11-5AA8-4B19-94EF-1170B6DBDA05}.Debug|Mixed Platforms.ActiveCfg = Debug|Any CPU
		{64414C11-5AA8-4B19-94EF-1170B6DBDA05}.Debug|Mixed Platforms.Build.0 = Debug|Any CPU
		{64414C11-5AA8-4B19-94EF-1170B6DBDA05}.Debug|x86.ActiveCfg = Debug|Any CPU
		{64414C11-5AA8-4B19-94EF-1170B6DBDA05}.Debug|x86.Build.0 = Debug|Any CPU
		{64414C11-5AA8-4B19-94EF-1170B6DBDA05}.Debug|Xbox 360.ActiveCfg = Debug|Any CPU
		{64414C11-5AA8-4B19-94EF-1170B6DBDA05}.Debug|Xbox 360.Build.0 = Debug|Any CPU
		{64414C11-5AA8-4B19-94EF-1170B6DBDA05}.Release|Any CPU.ActiveCfg = Release|Any CPU
		{64414C11-5AA8-4B19-94EF-1170B6DBDA05}.Release|Any CPU.Build.0 = Release|Any CPU
		{64414C11-5AA8-4B19-94EF-1170B6DBDA05}.Release|Mixed Platforms.ActiveCfg = Release|Any CPU
		{64414C11-5AA8-4B19-94EF-1170B6DBDA05}.Release|Mixed Platforms.Build.0 = Release|Any CPU
		{64414C11-5AA8-4B19-94EF-1170B6DBDA05}.Release|x86.ActiveCfg = Release|Any CPU
		{64414C11-5AA8-4B19-94EF-1170B6DBDA05}.Release|x86.Build.0 = Release|Any CPU
		{64414C11-5AA8-4B19-94EF-1170B6DBDA05}.Release|Xbox 360.ActiveCfg = Release|Any CPU
		{64414C11-5AA8-4B19-94EF-1170B6DBDA05}.Release|Xbox 360.Build.0 = Release|Any CPU
		{3FC41BA0-E772-45B4-8855-BAF97C468D5F}.Debug|Any CPU.ActiveCfg = Debug|Any CPU
		{3FC41BA0-E772-45B4-8855-BAF97C468D5F}.Debug|Any CPU.Build.0 = Debug|Any CPU
		{3FC41BA0-E772-45B4-8855-BAF97C468D5F}.Debug|Mixed Platforms.ActiveCfg = Debug|Any CPU
		{3FC41BA0-E772-45B4-8855-BAF97C468D5F}.Debug|Mixed Platforms.Build.0 = Debug|Any CPU
		{3FC41BA0-E772-45B4-8855-BAF97C468D5F}.Debug|x86.ActiveCfg = Debug|Any CPU
		{3FC41BA0-E772-45B4-8855-BAF97C468D5F}.Debug|x86.Build.0 = Debug|Any CPU
		{3FC41BA0-E772-45B4-8855-BAF97C468D5F}.Debug|Xbox 360.ActiveCfg = Debug|Any CPU
		{3FC41BA0-E772-45B4-8855-BAF97C468D5F}.Debug|Xbox 360.Build.0 = Debug|Any CPU
		{3FC41BA0-E772-45B4-8855-BAF97C468D5F}.Release|Any CPU.ActiveCfg = Release|Any CPU
		{3FC41BA0-E772-45B4-8855-BAF97C468D5F}.Release|Any CPU.Build.0 = Release|Any CPU
		{3FC41BA0-E772-45B4-8855-BAF97C468D5F}.Release|Mixed Platforms.ActiveCfg = Release|Any CPU
		{3FC41BA0-E772-45B4-8855-BAF97C468D5F}.Release|Mixed Platforms.Build.0 = Release|Any CPU
		{3FC41BA0-E772-45B4-8855-BAF97C468D5F}.Release|x86.ActiveCfg = Release|Any CPU
		{3FC41BA0-E772-45B4-8855-BAF97C468D5F}.Release|x86.Build.0 = Release|Any CPU
		{3FC41BA0-E772-45B4-8855-BAF97C468D5F}.Release|Xbox 360.ActiveCfg = Release|Any CPU
		{3FC41BA0-E772-45B4-8855-BAF97C468D5F}.Release|Xbox 360.Build.0 = Release|Any CPU
		{5F168A9D-EC06-40E2-8B4C-CC194D4ADEC6}.Debug|Any CPU.ActiveCfg = Debug|Any CPU
		{5F168A9D-EC06-40E2-8B4C-CC194D4ADEC6}.Debug|Any CPU.Build.0 = Debug|Any CPU
		{5F168A9D-EC06-40E2-8B4C-CC194D4ADEC6}.Debug|Mixed Platforms.ActiveCfg = Debug|Any CPU
		{5F168A9D-EC06-40E2-8B4C-CC194D4ADEC6}.Debug|Mixed Platforms.Build.0 = Debug|Any CPU
		{5F168A9D-EC06-40E2-8B4C-CC194D4ADEC6}.Debug|x86.ActiveCfg = Debug|Any CPU
		{5F168A9D-EC06-40E2-8B4C-CC194D4ADEC6}.Debug|x86.Build.0 = Debug|Any CPU
		{5F168A9D-EC06-40E2-8B4C-CC194D4ADEC6}.Debug|Xbox 360.ActiveCfg = Debug|Any CPU
		{5F168A9D-EC06-40E2-8B4C-CC194D4ADEC6}.Debug|Xbox 360.Build.0 = Debug|Any CPU
		{5F168A9D-EC06-40E2-8B4C-CC194D4ADEC6}.Release|Any CPU.ActiveCfg = Release|Any CPU
		{5F168A9D-EC06-40E2-8B4C-CC194D4ADEC6}.Release|Any CPU.Build.0 = Release|Any CPU
		{5F168A9D-EC06-40E2-8B4C-CC194D4ADEC6}.Release|Mixed Platforms.ActiveCfg = Release|Any CPU
		{5F168A9D-EC06-40E2-8B4C-CC194D4ADEC6}.Release|Mixed Platforms.Build.0 = Release|Any CPU
		{5F168A9D-EC06-40E2-8B4C-CC194D4ADEC6}.Release|x86.ActiveCfg = Release|Any CPU
		{5F168A9D-EC06-40E2-8B4C-CC194D4ADEC6}.Release|x86.Build.0 = Release|Any CPU
		{5F168A9D-EC06-40E2-8B4C-CC194D4ADEC6}.Release|Xbox 360.ActiveCfg = Release|Any CPU
		{5F168A9D-EC06-40E2-8B4C-CC194D4ADEC6}.Release|Xbox 360.Build.0 = Release|Any CPU
		{9870C7C8-D163-4954-913A-EAEA708498B7}.Debug|Any CPU.ActiveCfg = Debug|Any CPU
		{9870C7C8-D163-4954-913A-EAEA708498B7}.Debug|Any CPU.Build.0 = Debug|Any CPU
		{9870C7C8-D163-4954-913A-EAEA708498B7}.Debug|Mixed Platforms.ActiveCfg = Debug|Any CPU
		{9870C7C8-D163-4954-913A-EAEA708498B7}.Debug|Mixed Platforms.Build.0 = Debug|Any CPU
		{9870C7C8-D163-4954-913A-EAEA708498B7}.Debug|x86.ActiveCfg = Debug|Any CPU
		{9870C7C8-D163-4954-913A-EAEA708498B7}.Debug|x86.Build.0 = Debug|Any CPU
		{9870C7C8-D163-4954-913A-EAEA708498B7}.Debug|Xbox 360.ActiveCfg = Debug|Any CPU
		{9870C7C8-D163-4954-913A-EAEA708498B7}.Debug|Xbox 360.Build.0 = Debug|Any CPU
		{9870C7C8-D163-4954-913A-EAEA708498B7}.Release|Any CPU.ActiveCfg = Release|Any CPU
		{9870C7C8-D163-4954-913A-EAEA708498B7}.Release|Any CPU.Build.0 = Release|Any CPU
		{9870C7C8-D163-4954-913A-EAEA708498B7}.Release|Mixed Platforms.ActiveCfg = Release|Any CPU
		{9870C7C8-D163-4954-913A-EAEA708498B7}.Release|Mixed Platforms.Build.0 = Release|Any CPU
		{9870C7C8-D163-4954-913A-EAEA708498B7}.Release|x86.ActiveCfg = Release|Any CPU
		{9870C7C8-D163-4954-913A-EAEA708498B7}.Release|x86.Build.0 = Release|Any CPU
		{9870C7C8-D163-4954-913A-EAEA708498B7}.Release|Xbox 360.ActiveCfg = Release|Any CPU
		{9870C7C8-D163-4954-913A-EAEA708498B7}.Release|Xbox 360.Build.0 = Release|Any CPU
		{D8F0CC8D-D827-4113-A951-9C9E6BEE8B7E}.Debug|Any CPU.ActiveCfg = Debug|Any CPU
		{D8F0CC8D-D827-4113-A951-9C9E6BEE8B7E}.Debug|Any CPU.Build.0 = Debug|Any CPU
		{D8F0CC8D-D827-4113-A951-9C9E6BEE8B7E}.Debug|Mixed Platforms.ActiveCfg = Debug|Any CPU
		{D8F0CC8D-D827-4113-A951-9C9E6BEE8B7E}.Debug|Mixed Platforms.Build.0 = Debug|Any CPU
		{D8F0CC8D-D827-4113-A951-9C9E6BEE8B7E}.Debug|x86.ActiveCfg = Debug|Any CPU
		{D8F0CC8D-D827-4113-A951-9C9E6BEE8B7E}.Debug|x86.Build.0 = Debug|Any CPU
		{D8F0CC8D-D827-4113-A951-9C9E6BEE8B7E}.Debug|Xbox 360.ActiveCfg = Debug|Any CPU
		{D8F0CC8D-D827-4113-A951-9C9E6BEE8B7E}.Debug|Xbox 360.Build.0 = Debug|Any CPU
		{D8F0CC8D-D827-4113-A951-9C9E6BEE8B7E}.Release|Any CPU.ActiveCfg = Release|Any CPU
		{D8F0CC8D-D827-4113-A951-9C9E6BEE8B7E}.Release|Any CPU.Build.0 = Release|Any CPU
		{D8F0CC8D-D827-4113-A951-9C9E6BEE8B7E}.Release|Mixed Platforms.ActiveCfg = Release|Any CPU
		{D8F0CC8D-D827-4113-A951-9C9E6BEE8B7E}.Release|Mixed Platforms.Build.0 = Release|Any CPU
		{D8F0CC8D-D827-4113-A951-9C9E6BEE8B7E}.Release|x86.ActiveCfg = Release|Any CPU
		{D8F0CC8D-D827-4113-A951-9C9E6BEE8B7E}.Release|x86.Build.0 = Release|Any CPU
		{D8F0CC8D-D827-4113-A951-9C9E6BEE8B7E}.Release|Xbox 360.ActiveCfg = Release|Any CPU
		{D8F0CC8D-D827-4113-A951-9C9E6BEE8B7E}.Release|Xbox 360.Build.0 = Release|Any CPU
		{87CEEFFC-EA58-49A9-B2FF-84B08816EFCC}.Debug|Any CPU.ActiveCfg = Debug|Any CPU
		{87CEEFFC-EA58-49A9-B2FF-84B08816EFCC}.Debug|Any CPU.Build.0 = Debug|Any CPU
		{87CEEFFC-EA58-49A9-B2FF-84B08816EFCC}.Debug|Mixed Platforms.ActiveCfg = Debug|Any CPU
		{87CEEFFC-EA58-49A9-B2FF-84B08816EFCC}.Debug|Mixed Platforms.Build.0 = Debug|Any CPU
		{87CEEFFC-EA58-49A9-B2FF-84B08816EFCC}.Debug|x86.ActiveCfg = Debug|Any CPU
		{87CEEFFC-EA58-49A9-B2FF-84B08816EFCC}.Debug|x86.Build.0 = Debug|Any CPU
		{87CEEFFC-EA58-49A9-B2FF-84B08816EFCC}.Debug|Xbox 360.ActiveCfg = Debug|Any CPU
		{87CEEFFC-EA58-49A9-B2FF-84B08816EFCC}.Debug|Xbox 360.Build.0 = Debug|Any CPU
		{87CEEFFC-EA58-49A9-B2FF-84B08816EFCC}.Release|Any CPU.ActiveCfg = Release|Any CPU
		{87CEEFFC-EA58-49A9-B2FF-84B08816EFCC}.Release|Any CPU.Build.0 = Release|Any CPU
		{87CEEFFC-EA58-49A9-B2FF-84B08816EFCC}.Release|Mixed Platforms.ActiveCfg = Release|Any CPU
		{87CEEFFC-EA58-49A9-B2FF-84B08816EFCC}.Release|Mixed Platforms.Build.0 = Release|Any CPU
		{87CEEFFC-EA58-49A9-B2FF-84B08816EFCC}.Release|x86.ActiveCfg = Release|Any CPU
		{87CEEFFC-EA58-49A9-B2FF-84B08816EFCC}.Release|x86.Build.0 = Release|Any CPU
		{87CEEFFC-EA58-49A9-B2FF-84B08816EFCC}.Release|Xbox 360.ActiveCfg = Release|Any CPU
		{87CEEFFC-EA58-49A9-B2FF-84B08816EFCC}.Release|Xbox 360.Build.0 = Release|Any CPU
		{65A4199D-60A7-4B02-9597-04BC7A3287DC}.Debug|Any CPU.ActiveCfg = Debug|Any CPU
		{65A4199D-60A7-4B02-9597-04BC7A3287DC}.Debug|Any CPU.Build.0 = Debug|Any CPU
		{65A4199D-60A7-4B02-9597-04BC7A3287DC}.Debug|Mixed Platforms.ActiveCfg = Debug|Any CPU
		{65A4199D-60A7-4B02-9597-04BC7A3287DC}.Debug|Mixed Platforms.Build.0 = Debug|Any CPU
		{65A4199D-60A7-4B02-9597-04BC7A3287DC}.Debug|x86.ActiveCfg = Debug|Any CPU
		{65A4199D-60A7-4B02-9597-04BC7A3287DC}.Debug|x86.Build.0 = Debug|Any CPU
		{65A4199D-60A7-4B02-9597-04BC7A3287DC}.Debug|Xbox 360.ActiveCfg = Debug|Any CPU
		{65A4199D-60A7-4B02-9597-04BC7A3287DC}.Debug|Xbox 360.Build.0 = Debug|Any CPU
		{65A4199D-60A7-4B02-9597-04BC7A3287DC}.Release|Any CPU.ActiveCfg = Release|Any CPU
		{65A4199D-60A7-4B02-9597-04BC7A3287DC}.Release|Any CPU.Build.0 = Release|Any CPU
		{65A4199D-60A7-4B02-9597-04BC7A3287DC}.Release|Mixed Platforms.ActiveCfg = Release|Any CPU
		{65A4199D-60A7-4B02-9597-04BC7A3287DC}.Release|Mixed Platforms.Build.0 = Release|Any CPU
		{65A4199D-60A7-4B02-9597-04BC7A3287DC}.Release|x86.ActiveCfg = Release|Any CPU
		{65A4199D-60A7-4B02-9597-04BC7A3287DC}.Release|x86.Build.0 = Release|Any CPU
		{65A4199D-60A7-4B02-9597-04BC7A3287DC}.Release|Xbox 360.ActiveCfg = Release|Any CPU
		{65A4199D-60A7-4B02-9597-04BC7A3287DC}.Release|Xbox 360.Build.0 = Release|Any CPU
		{1595EF56-C742-4C59-BDA6-56EC51D23494}.Debug|Any CPU.ActiveCfg = Debug|Any CPU
		{1595EF56-C742-4C59-BDA6-56EC51D23494}.Debug|Any CPU.Build.0 = Debug|Any CPU
		{1595EF56-C742-4C59-BDA6-56EC51D23494}.Debug|Mixed Platforms.ActiveCfg = Debug|Any CPU
		{1595EF56-C742-4C59-BDA6-56EC51D23494}.Debug|Mixed Platforms.Build.0 = Debug|Any CPU
		{1595EF56-C742-4C59-BDA6-56EC51D23494}.Debug|x86.ActiveCfg = Debug|Any CPU
		{1595EF56-C742-4C59-BDA6-56EC51D23494}.Debug|x86.Build.0 = Debug|Any CPU
		{1595EF56-C742-4C59-BDA6-56EC51D23494}.Debug|Xbox 360.ActiveCfg = Debug|Any CPU
		{1595EF56-C742-4C59-BDA6-56EC51D23494}.Debug|Xbox 360.Build.0 = Debug|Any CPU
		{1595EF56-C742-4C59-BDA6-56EC51D23494}.Release|Any CPU.ActiveCfg = Release|Any CPU
		{1595EF56-C742-4C59-BDA6-56EC51D23494}.Release|Any CPU.Build.0 = Release|Any CPU
		{1595EF56-C742-4C59-BDA6-56EC51D23494}.Release|Mixed Platforms.ActiveCfg = Release|Any CPU
		{1595EF56-C742-4C59-BDA6-56EC51D23494}.Release|Mixed Platforms.Build.0 = Release|Any CPU
		{1595EF56-C742-4C59-BDA6-56EC51D23494}.Release|x86.ActiveCfg = Release|Any CPU
		{1595EF56-C742-4C59-BDA6-56EC51D23494}.Release|x86.Build.0 = Release|Any CPU
		{1595EF56-C742-4C59-BDA6-56EC51D23494}.Release|Xbox 360.ActiveCfg = Release|Any CPU
		{1595EF56-C742-4C59-BDA6-56EC51D23494}.Release|Xbox 360.Build.0 = Release|Any CPU
		{3C7BAAA5-FD76-4984-8F24-C6F69180ACF8}.Debug|Any CPU.ActiveCfg = Debug|Any CPU
		{3C7BAAA5-FD76-4984-8F24-C6F69180ACF8}.Debug|Any CPU.Build.0 = Debug|Any CPU
		{3C7BAAA5-FD76-4984-8F24-C6F69180ACF8}.Debug|Mixed Platforms.ActiveCfg = Debug|Any CPU
		{3C7BAAA5-FD76-4984-8F24-C6F69180ACF8}.Debug|Mixed Platforms.Build.0 = Debug|Any CPU
		{3C7BAAA5-FD76-4984-8F24-C6F69180ACF8}.Debug|x86.ActiveCfg = Debug|Any CPU
		{3C7BAAA5-FD76-4984-8F24-C6F69180ACF8}.Debug|x86.Build.0 = Debug|Any CPU
		{3C7BAAA5-FD76-4984-8F24-C6F69180ACF8}.Debug|Xbox 360.ActiveCfg = Debug|Any CPU
		{3C7BAAA5-FD76-4984-8F24-C6F69180ACF8}.Debug|Xbox 360.Build.0 = Debug|Any CPU
		{3C7BAAA5-FD76-4984-8F24-C6F69180ACF8}.Release|Any CPU.ActiveCfg = Release|Any CPU
		{3C7BAAA5-FD76-4984-8F24-C6F69180ACF8}.Release|Any CPU.Build.0 = Release|Any CPU
		{3C7BAAA5-FD76-4984-8F24-C6F69180ACF8}.Release|Mixed Platforms.ActiveCfg = Release|Any CPU
		{3C7BAAA5-FD76-4984-8F24-C6F69180ACF8}.Release|Mixed Platforms.Build.0 = Release|Any CPU
		{3C7BAAA5-FD76-4984-8F24-C6F69180ACF8}.Release|x86.ActiveCfg = Release|Any CPU
		{3C7BAAA5-FD76-4984-8F24-C6F69180ACF8}.Release|x86.Build.0 = Release|Any CPU
		{3C7BAAA5-FD76-4984-8F24-C6F69180ACF8}.Release|Xbox 360.ActiveCfg = Release|Any CPU
		{3C7BAAA5-FD76-4984-8F24-C6F69180ACF8}.Release|Xbox 360.Build.0 = Release|Any CPU
		{E12C201C-6C38-487A-A50E-76E50807B7B7}.Debug|Any CPU.ActiveCfg = Debug|Any CPU
		{E12C201C-6C38-487A-A50E-76E50807B7B7}.Debug|Any CPU.Build.0 = Debug|Any CPU
		{E12C201C-6C38-487A-A50E-76E50807B7B7}.Debug|Mixed Platforms.ActiveCfg = Debug|Any CPU
		{E12C201C-6C38-487A-A50E-76E50807B7B7}.Debug|Mixed Platforms.Build.0 = Debug|Any CPU
		{E12C201C-6C38-487A-A50E-76E50807B7B7}.Debug|x86.ActiveCfg = Debug|Any CPU
		{E12C201C-6C38-487A-A50E-76E50807B7B7}.Debug|x86.Build.0 = Debug|Any CPU
		{E12C201C-6C38-487A-A50E-76E50807B7B7}.Debug|Xbox 360.ActiveCfg = Debug|Any CPU
		{E12C201C-6C38-487A-A50E-76E50807B7B7}.Debug|Xbox 360.Build.0 = Debug|Any CPU
		{E12C201C-6C38-487A-A50E-76E50807B7B7}.Release|Any CPU.ActiveCfg = Release|Any CPU
		{E12C201C-6C38-487A-A50E-76E50807B7B7}.Release|Any CPU.Build.0 = Release|Any CPU
		{E12C201C-6C38-487A-A50E-76E50807B7B7}.Release|Mixed Platforms.ActiveCfg = Release|Any CPU
		{E12C201C-6C38-487A-A50E-76E50807B7B7}.Release|Mixed Platforms.Build.0 = Release|Any CPU
		{E12C201C-6C38-487A-A50E-76E50807B7B7}.Release|x86.ActiveCfg = Release|Any CPU
		{E12C201C-6C38-487A-A50E-76E50807B7B7}.Release|x86.Build.0 = Release|Any CPU
		{E12C201C-6C38-487A-A50E-76E50807B7B7}.Release|Xbox 360.ActiveCfg = Release|Any CPU
		{E12C201C-6C38-487A-A50E-76E50807B7B7}.Release|Xbox 360.Build.0 = Release|Any CPU
		{0E1E16D8-9F0E-4D2B-9B59-15402768AB61}.Debug|Any CPU.ActiveCfg = Debug|Any CPU
		{0E1E16D8-9F0E-4D2B-9B59-15402768AB61}.Debug|Any CPU.Build.0 = Debug|Any CPU
		{0E1E16D8-9F0E-4D2B-9B59-15402768AB61}.Debug|Mixed Platforms.ActiveCfg = Debug|Any CPU
		{0E1E16D8-9F0E-4D2B-9B59-15402768AB61}.Debug|Mixed Platforms.Build.0 = Debug|Any CPU
		{0E1E16D8-9F0E-4D2B-9B59-15402768AB61}.Debug|x86.ActiveCfg = Debug|Any CPU
		{0E1E16D8-9F0E-4D2B-9B59-15402768AB61}.Debug|x86.Build.0 = Debug|Any CPU
		{0E1E16D8-9F0E-4D2B-9B59-15402768AB61}.Debug|Xbox 360.ActiveCfg = Debug|Any CPU
		{0E1E16D8-9F0E-4D2B-9B59-15402768AB61}.Debug|Xbox 360.Build.0 = Debug|Any CPU
		{0E1E16D8-9F0E-4D2B-9B59-15402768AB61}.Release|Any CPU.ActiveCfg = Release|Any CPU
		{0E1E16D8-9F0E-4D2B-9B59-15402768AB61}.Release|Any CPU.Build.0 = Release|Any CPU
		{0E1E16D8-9F0E-4D2B-9B59-15402768AB61}.Release|Mixed Platforms.ActiveCfg = Release|Any CPU
		{0E1E16D8-9F0E-4D2B-9B59-15402768AB61}.Release|Mixed Platforms.Build.0 = Release|Any CPU
		{0E1E16D8-9F0E-4D2B-9B59-15402768AB61}.Release|x86.ActiveCfg = Release|Any CPU
		{0E1E16D8-9F0E-4D2B-9B59-15402768AB61}.Release|x86.Build.0 = Release|Any CPU
		{0E1E16D8-9F0E-4D2B-9B59-15402768AB61}.Release|Xbox 360.ActiveCfg = Release|Any CPU
		{0E1E16D8-9F0E-4D2B-9B59-15402768AB61}.Release|Xbox 360.Build.0 = Release|Any CPU
	EndGlobalSection
	GlobalSection(SolutionProperties) = preSolution
		HideSolutionNode = FALSE
	EndGlobalSection
	GlobalSection(ExtensibilityGlobals) = postSolution
		SolutionGuid = {124E7A8F-28E6-454B-AD5C-8A959FDE28BE}
	EndGlobalSection
EndGlobal
